
Microsoft Visual Studio Solution File, Format Version 12.00
# Visual Studio Version 17
VisualStudioVersion = 17.9.34728.123
MinimumVisualStudioVersion = 10.0.40219.1
Project("{FAE04EC0-301F-11D3-BF4B-00C04F79EFBC}") = "Array_Delegates", "Array_Delegates\Array_Delegates.csproj", "{2F6CC4C2-B9BB-49CE-9E60-983041C63331}"
EndProject
Global
	GlobalSection(SolutionConfigurationPlatforms) = preSolution
		Debug|Any CPU = Debug|Any CPU
		Release|Any CPU = Release|Any CPU
	EndGlobalSection
	GlobalSection(ProjectConfigurationPlatforms) = postSolution
		{2F6CC4C2-B9BB-49CE-9E60-983041C63331}.Debug|Any CPU.ActiveCfg = Debug|Any CPU
		{2F6CC4C2-B9BB-49CE-9E60-983041C63331}.Debug|Any CPU.Build.0 = Debug|Any CPU
		{2F6CC4C2-B9BB-49CE-9E60-983041C63331}.Release|Any CPU.ActiveCfg = Release|Any CPU
		{2F6CC4C2-B9BB-49CE-9E60-983041C63331}.Release|Any CPU.Build.0 = Release|Any CPU
	EndGlobalSection
	GlobalSection(SolutionProperties) = preSolution
		HideSolutionNode = FALSE
	EndGlobalSection
	GlobalSection(ExtensibilityGlobals) = postSolution
		SolutionGuid = {3FA64990-BD30-4929-9B79-01FA45E9D6CB}
	EndGlobalSection
EndGlobal
